// !$*UTF8*$!
{
	archiveVersion = 1;
	classes = {
	};
	objectVersion = 46;
	objects = {

/* Begin PBXBuildFile section */
		1B0CFB651D5E4E28009051D9 /* main.m in Sources */ = {isa = PBXBuildFile; fileRef = 1B0CFB641D5E4E28009051D9 /* main.m */; };
		1B0CFB681D5E4E28009051D9 /* AppDelegate.m in Sources */ = {isa = PBXBuildFile; fileRef = 1B0CFB671D5E4E28009051D9 /* AppDelegate.m */; };
		1B0CFB701D5E4E28009051D9 /* Assets.xcassets in Resources */ = {isa = PBXBuildFile; fileRef = 1B0CFB6F1D5E4E28009051D9 /* Assets.xcassets */; };
		1B0CFB731D5E4E28009051D9 /* LaunchScreen.storyboard in Resources */ = {isa = PBXBuildFile; fileRef = 1B0CFB711D5E4E28009051D9 /* LaunchScreen.storyboard */; };
		1BB858E11D5EC4E70072454A /* WYMainViewController.m in Sources */ = {isa = PBXBuildFile; fileRef = 1BB858E01D5EC4E70072454A /* WYMainViewController.m */; };
		1BB858E41D5EC4F40072454A /* WYHomeViewController.m in Sources */ = {isa = PBXBuildFile; fileRef = 1BB858E31D5EC4F40072454A /* WYHomeViewController.m */; };
		1BB858FF1D5EC5250072454A /* NSArray+Log.m in Sources */ = {isa = PBXBuildFile; fileRef = 1BB858E81D5EC5250072454A /* NSArray+Log.m */; };
		1BB859001D5EC5250072454A /* NSAttributedString+CZAdditon.m in Sources */ = {isa = PBXBuildFile; fileRef = 1BB858EA1D5EC5250072454A /* NSAttributedString+CZAdditon.m */; };
		1BB859011D5EC5250072454A /* NSObject+CZRuntime.m in Sources */ = {isa = PBXBuildFile; fileRef = 1BB858EC1D5EC5250072454A /* NSObject+CZRuntime.m */; };
		1BB859021D5EC5250072454A /* NSString+CZBase64.m in Sources */ = {isa = PBXBuildFile; fileRef = 1BB858EE1D5EC5250072454A /* NSString+CZBase64.m */; };
		1BB859031D5EC5250072454A /* NSString+CZHash.m in Sources */ = {isa = PBXBuildFile; fileRef = 1BB858F01D5EC5250072454A /* NSString+CZHash.m */; };
		1BB859041D5EC5250072454A /* NSString+CZPath.m in Sources */ = {isa = PBXBuildFile; fileRef = 1BB858F21D5EC5250072454A /* NSString+CZPath.m */; };
		1BB859051D5EC5250072454A /* UIButton+CZAddition.m in Sources */ = {isa = PBXBuildFile; fileRef = 1BB858F41D5EC5250072454A /* UIButton+CZAddition.m */; };
		1BB859061D5EC5250072454A /* UIColor+CZAddition.m in Sources */ = {isa = PBXBuildFile; fileRef = 1BB858F61D5EC5250072454A /* UIColor+CZAddition.m */; };
		1BB859071D5EC5250072454A /* UILabel+CZAddition.m in Sources */ = {isa = PBXBuildFile; fileRef = 1BB858F81D5EC5250072454A /* UILabel+CZAddition.m */; };
		1BB859081D5EC5250072454A /* UIScreen+CZAddition.m in Sources */ = {isa = PBXBuildFile; fileRef = 1BB858FA1D5EC5250072454A /* UIScreen+CZAddition.m */; };
		1BB859091D5EC5250072454A /* UIView+CZAddition.m in Sources */ = {isa = PBXBuildFile; fileRef = 1BB858FC1D5EC5250072454A /* UIView+CZAddition.m */; };
		1BB8590A1D5EC5250072454A /* UIViewController+CZAddition.m in Sources */ = {isa = PBXBuildFile; fileRef = 1BB858FE1D5EC5250072454A /* UIViewController+CZAddition.m */; };
		EDC9CF5DBF0F95048577CD4E /* libPods-WYNews.a in Frameworks */ = {isa = PBXBuildFile; fileRef = 933FF60037AD70340B6299AF /* libPods-WYNews.a */; };
/* End PBXBuildFile section */

/* Begin PBXFileReference section */
		1B0CFB601D5E4E28009051D9 /* WYNews.app */ = {isa = PBXFileReference; explicitFileType = wrapper.application; includeInIndex = 0; path = WYNews.app; sourceTree = BUILT_PRODUCTS_DIR; };
		1B0CFB641D5E4E28009051D9 /* main.m */ = {isa = PBXFileReference; lastKnownFileType = sourcecode.c.objc; path = main.m; sourceTree = "<group>"; };
		1B0CFB661D5E4E28009051D9 /* AppDelegate.h */ = {isa = PBXFileReference; lastKnownFileType = sourcecode.c.h; path = AppDelegate.h; sourceTree = "<group>"; };
		1B0CFB671D5E4E28009051D9 /* AppDelegate.m */ = {isa = PBXFileReference; lastKnownFileType = sourcecode.c.objc; path = AppDelegate.m; sourceTree = "<group>"; };
		1B0CFB6F1D5E4E28009051D9 /* Assets.xcassets */ = {isa = PBXFileReference; lastKnownFileType = folder.assetcatalog; path = Assets.xcassets; sourceTree = "<group>"; };
		1B0CFB721D5E4E28009051D9 /* Base */ = {isa = PBXFileReference; lastKnownFileType = file.storyboard; name = Base; path = Base.lproj/LaunchScreen.storyboard; sourceTree = "<group>"; };
		1B0CFB741D5E4E28009051D9 /* Info.plist */ = {isa = PBXFileReference; lastKnownFileType = text.plist.xml; path = Info.plist; sourceTree = "<group>"; };
		1BB858DF1D5EC4E70072454A /* WYMainViewController.h */ = {isa = PBXFileReference; fileEncoding = 4; lastKnownFileType = sourcecode.c.h; path = WYMainViewController.h; sourceTree = "<group>"; };
		1BB858E01D5EC4E70072454A /* WYMainViewController.m */ = {isa = PBXFileReference; fileEncoding = 4; lastKnownFileType = sourcecode.c.objc; path = WYMainViewController.m; sourceTree = "<group>"; };
		1BB858E21D5EC4F40072454A /* WYHomeViewController.h */ = {isa = PBXFileReference; fileEncoding = 4; lastKnownFileType = sourcecode.c.h; path = WYHomeViewController.h; sourceTree = "<group>"; };
		1BB858E31D5EC4F40072454A /* WYHomeViewController.m */ = {isa = PBXFileReference; fileEncoding = 4; lastKnownFileType = sourcecode.c.objc; path = WYHomeViewController.m; sourceTree = "<group>"; };
		1BB858E61D5EC5250072454A /* CZAdditions.h */ = {isa = PBXFileReference; fileEncoding = 4; lastKnownFileType = sourcecode.c.h; path = CZAdditions.h; sourceTree = "<group>"; };
		1BB858E71D5EC5250072454A /* NSArray+Log.h */ = {isa = PBXFileReference; fileEncoding = 4; lastKnownFileType = sourcecode.c.h; path = "NSArray+Log.h"; sourceTree = "<group>"; };
		1BB858E81D5EC5250072454A /* NSArray+Log.m */ = {isa = PBXFileReference; fileEncoding = 4; lastKnownFileType = sourcecode.c.objc; path = "NSArray+Log.m"; sourceTree = "<group>"; };
		1BB858E91D5EC5250072454A /* NSAttributedString+CZAdditon.h */ = {isa = PBXFileReference; fileEncoding = 4; lastKnownFileType = sourcecode.c.h; path = "NSAttributedString+CZAdditon.h"; sourceTree = "<group>"; };
		1BB858EA1D5EC5250072454A /* NSAttributedString+CZAdditon.m */ = {isa = PBXFileReference; fileEncoding = 4; lastKnownFileType = sourcecode.c.objc; path = "NSAttributedString+CZAdditon.m"; sourceTree = "<group>"; };
		1BB858EB1D5EC5250072454A /* NSObject+CZRuntime.h */ = {isa = PBXFileReference; fileEncoding = 4; lastKnownFileType = sourcecode.c.h; path = "NSObject+CZRuntime.h"; sourceTree = "<group>"; };
		1BB858EC1D5EC5250072454A /* NSObject+CZRuntime.m */ = {isa = PBXFileReference; fileEncoding = 4; lastKnownFileType = sourcecode.c.objc; path = "NSObject+CZRuntime.m"; sourceTree = "<group>"; };
		1BB858ED1D5EC5250072454A /* NSString+CZBase64.h */ = {isa = PBXFileReference; fileEncoding = 4; lastKnownFileType = sourcecode.c.h; path = "NSString+CZBase64.h"; sourceTree = "<group>"; };
		1BB858EE1D5EC5250072454A /* NSString+CZBase64.m */ = {isa = PBXFileReference; fileEncoding = 4; lastKnownFileType = sourcecode.c.objc; path = "NSString+CZBase64.m"; sourceTree = "<group>"; };
		1BB858EF1D5EC5250072454A /* NSString+CZHash.h */ = {isa = PBXFileReference; fileEncoding = 4; lastKnownFileType = sourcecode.c.h; path = "NSString+CZHash.h"; sourceTree = "<group>"; };
		1BB858F01D5EC5250072454A /* NSString+CZHash.m */ = {isa = PBXFileReference; fileEncoding = 4; lastKnownFileType = sourcecode.c.objc; path = "NSString+CZHash.m"; sourceTree = "<group>"; };
		1BB858F11D5EC5250072454A /* NSString+CZPath.h */ = {isa = PBXFileReference; fileEncoding = 4; lastKnownFileType = sourcecode.c.h; path = "NSString+CZPath.h"; sourceTree = "<group>"; };
		1BB858F21D5EC5250072454A /* NSString+CZPath.m */ = {isa = PBXFileReference; fileEncoding = 4; lastKnownFileType = sourcecode.c.objc; path = "NSString+CZPath.m"; sourceTree = "<group>"; };
		1BB858F31D5EC5250072454A /* UIButton+CZAddition.h */ = {isa = PBXFileReference; fileEncoding = 4; lastKnownFileType = sourcecode.c.h; path = "UIButton+CZAddition.h"; sourceTree = "<group>"; };
		1BB858F41D5EC5250072454A /* UIButton+CZAddition.m */ = {isa = PBXFileReference; fileEncoding = 4; lastKnownFileType = sourcecode.c.objc; path = "UIButton+CZAddition.m"; sourceTree = "<group>"; };
		1BB858F51D5EC5250072454A /* UIColor+CZAddition.h */ = {isa = PBXFileReference; fileEncoding = 4; lastKnownFileType = sourcecode.c.h; path = "UIColor+CZAddition.h"; sourceTree = "<group>"; };
		1BB858F61D5EC5250072454A /* UIColor+CZAddition.m */ = {isa = PBXFileReference; fileEncoding = 4; lastKnownFileType = sourcecode.c.objc; path = "UIColor+CZAddition.m"; sourceTree = "<group>"; };
		1BB858F71D5EC5250072454A /* UILabel+CZAddition.h */ = {isa = PBXFileReference; fileEncoding = 4; lastKnownFileType = sourcecode.c.h; path = "UILabel+CZAddition.h"; sourceTree = "<group>"; };
		1BB858F81D5EC5250072454A /* UILabel+CZAddition.m */ = {isa = PBXFileReference; fileEncoding = 4; lastKnownFileType = sourcecode.c.objc; path = "UILabel+CZAddition.m"; sourceTree = "<group>"; };
		1BB858F91D5EC5250072454A /* UIScreen+CZAddition.h */ = {isa = PBXFileReference; fileEncoding = 4; lastKnownFileType = sourcecode.c.h; path = "UIScreen+CZAddition.h"; sourceTree = "<group>"; };
		1BB858FA1D5EC5250072454A /* UIScreen+CZAddition.m */ = {isa = PBXFileReference; fileEncoding = 4; lastKnownFileType = sourcecode.c.objc; path = "UIScreen+CZAddition.m"; sourceTree = "<group>"; };
		1BB858FB1D5EC5250072454A /* UIView+CZAddition.h */ = {isa = PBXFileReference; fileEncoding = 4; lastKnownFileType = sourcecode.c.h; path = "UIView+CZAddition.h"; sourceTree = "<group>"; };
		1BB858FC1D5EC5250072454A /* UIView+CZAddition.m */ = {isa = PBXFileReference; fileEncoding = 4; lastKnownFileType = sourcecode.c.objc; path = "UIView+CZAddition.m"; sourceTree = "<group>"; };
		1BB858FD1D5EC5250072454A /* UIViewController+CZAddition.h */ = {isa = PBXFileReference; fileEncoding = 4; lastKnownFileType = sourcecode.c.h; path = "UIViewController+CZAddition.h"; sourceTree = "<group>"; };
		1BB858FE1D5EC5250072454A /* UIViewController+CZAddition.m */ = {isa = PBXFileReference; fileEncoding = 4; lastKnownFileType = sourcecode.c.objc; path = "UIViewController+CZAddition.m"; sourceTree = "<group>"; };
		52C67BF81103CAB6299AA239 /* Pods-WYNews.debug.xcconfig */ = {isa = PBXFileReference; includeInIndex = 1; lastKnownFileType = text.xcconfig; name = "Pods-WYNews.debug.xcconfig"; path = "Pods/Target Support Files/Pods-WYNews/Pods-WYNews.debug.xcconfig"; sourceTree = "<group>"; };
		933FF60037AD70340B6299AF /* libPods-WYNews.a */ = {isa = PBXFileReference; explicitFileType = archive.ar; includeInIndex = 0; path = "libPods-WYNews.a"; sourceTree = BUILT_PRODUCTS_DIR; };
		F300DB45C75884FAE4E0AD54 /* Pods-WYNews.release.xcconfig */ = {isa = PBXFileReference; includeInIndex = 1; lastKnownFileType = text.xcconfig; name = "Pods-WYNews.release.xcconfig"; path = "Pods/Target Support Files/Pods-WYNews/Pods-WYNews.release.xcconfig"; sourceTree = "<group>"; };
/* End PBXFileReference section */

/* Begin PBXFrameworksBuildPhase section */
		1B0CFB5D1D5E4E28009051D9 /* Frameworks */ = {
			isa = PBXFrameworksBuildPhase;
			buildActionMask = 2147483647;
			files = (
				EDC9CF5DBF0F95048577CD4E /* libPods-WYNews.a in Frameworks */,
			);
			runOnlyForDeploymentPostprocessing = 0;
		};
/* End PBXFrameworksBuildPhase section */

/* Begin PBXGroup section */
		1924C3C3D90CA9C8E7B36E5A /* Pods */ = {
			isa = PBXGroup;
			children = (
				52C67BF81103CAB6299AA239 /* Pods-WYNews.debug.xcconfig */,
				F300DB45C75884FAE4E0AD54 /* Pods-WYNews.release.xcconfig */,
			);
			name = Pods;
			sourceTree = "<group>";
		};
		1B0CFB571D5E4E28009051D9 = {
			isa = PBXGroup;
			children = (
				1B0CFB621D5E4E28009051D9 /* WYNews */,
				1B0CFB611D5E4E28009051D9 /* Products */,
				1924C3C3D90CA9C8E7B36E5A /* Pods */,
				9DE9185586864B8F1B0B96DD /* Frameworks */,
			);
			sourceTree = "<group>";
		};
		1B0CFB611D5E4E28009051D9 /* Products */ = {
			isa = PBXGroup;
			children = (
				1B0CFB601D5E4E28009051D9 /* WYNews.app */,
			);
			name = Products;
			sourceTree = "<group>";
		};
		1B0CFB621D5E4E28009051D9 /* WYNews */ = {
			isa = PBXGroup;
			children = (
				1BB858DB1D5EC4880072454A /* Classes */,
				1B0CFB661D5E4E28009051D9 /* AppDelegate.h */,
				1B0CFB671D5E4E28009051D9 /* AppDelegate.m */,
				1B0CFB6F1D5E4E28009051D9 /* Assets.xcassets */,
				1B0CFB711D5E4E28009051D9 /* LaunchScreen.storyboard */,
				1B0CFB741D5E4E28009051D9 /* Info.plist */,
				1B0CFB631D5E4E28009051D9 /* Supporting Files */,
			);
			path = WYNews;
			sourceTree = "<group>";
		};
		1B0CFB631D5E4E28009051D9 /* Supporting Files */ = {
			isa = PBXGroup;
			children = (
				1B0CFB641D5E4E28009051D9 /* main.m */,
			);
			name = "Supporting Files";
			sourceTree = "<group>";
		};
		1BB858DB1D5EC4880072454A /* Classes */ = {
			isa = PBXGroup;
			children = (
				1BB858DD1D5EC4880072454A /* Main */,
				1BB858DC1D5EC4880072454A /* Home */,
				1BB858DE1D5EC4880072454A /* Tools */,
			);
			path = Classes;
			sourceTree = "<group>";
		};
		1BB858DC1D5EC4880072454A /* Home */ = {
			isa = PBXGroup;
			children = (
				1BB858E21D5EC4F40072454A /* WYHomeViewController.h */,
				1BB858E31D5EC4F40072454A /* WYHomeViewController.m */,
			);
			path = Home;
			sourceTree = "<group>";
		};
		1BB858DD1D5EC4880072454A /* Main */ = {
			isa = PBXGroup;
			children = (
				1BB858DF1D5EC4E70072454A /* WYMainViewController.h */,
				1BB858E01D5EC4E70072454A /* WYMainViewController.m */,
			);
			path = Main;
			sourceTree = "<group>";
		};
		1BB858DE1D5EC4880072454A /* Tools */ = {
			isa = PBXGroup;
			children = (
				1BB858E51D5EC5250072454A /* Additions */,
			);
			path = Tools;
			sourceTree = "<group>";
		};
		1BB858E51D5EC5250072454A /* Additions */ = {
			isa = PBXGroup;
			children = (
				1BB858E61D5EC5250072454A /* CZAdditions.h */,
				1BB858E71D5EC5250072454A /* NSArray+Log.h */,
				1BB858E81D5EC5250072454A /* NSArray+Log.m */,
				1BB858E91D5EC5250072454A /* NSAttributedString+CZAdditon.h */,
				1BB858EA1D5EC5250072454A /* NSAttributedString+CZAdditon.m */,
				1BB858EB1D5EC5250072454A /* NSObject+CZRuntime.h */,
				1BB858EC1D5EC5250072454A /* NSObject+CZRuntime.m */,
				1BB858ED1D5EC5250072454A /* NSString+CZBase64.h */,
				1BB858EE1D5EC5250072454A /* NSString+CZBase64.m */,
				1BB858EF1D5EC5250072454A /* NSString+CZHash.h */,
				1BB858F01D5EC5250072454A /* NSString+CZHash.m */,
				1BB858F11D5EC5250072454A /* NSString+CZPath.h */,
				1BB858F21D5EC5250072454A /* NSString+CZPath.m */,
				1BB858F31D5EC5250072454A /* UIButton+CZAddition.h */,
				1BB858F41D5EC5250072454A /* UIButton+CZAddition.m */,
				1BB858F51D5EC5250072454A /* UIColor+CZAddition.h */,
				1BB858F61D5EC5250072454A /* UIColor+CZAddition.m */,
				1BB858F71D5EC5250072454A /* UILabel+CZAddition.h */,
				1BB858F81D5EC5250072454A /* UILabel+CZAddition.m */,
				1BB858F91D5EC5250072454A /* UIScreen+CZAddition.h */,
				1BB858FA1D5EC5250072454A /* UIScreen+CZAddition.m */,
				1BB858FB1D5EC5250072454A /* UIView+CZAddition.h */,
				1BB858FC1D5EC5250072454A /* UIView+CZAddition.m */,
				1BB858FD1D5EC5250072454A /* UIViewController+CZAddition.h */,
				1BB858FE1D5EC5250072454A /* UIViewController+CZAddition.m */,
			);
			path = Additions;
			sourceTree = "<group>";
		};
		9DE9185586864B8F1B0B96DD /* Frameworks */ = {
			isa = PBXGroup;
			children = (
				933FF60037AD70340B6299AF /* libPods-WYNews.a */,
			);
			name = Frameworks;
			sourceTree = "<group>";
		};
/* End PBXGroup section */

/* Begin PBXNativeTarget section */
		1B0CFB5F1D5E4E28009051D9 /* WYNews */ = {
			isa = PBXNativeTarget;
			buildConfigurationList = 1B0CFB771D5E4E28009051D9 /* Build configuration list for PBXNativeTarget "WYNews" */;
			buildPhases = (
				43AABD829EAF770B5A76FF73 /* [CP] Check Pods Manifest.lock */,
				1B0CFB5C1D5E4E28009051D9 /* Sources */,
				1B0CFB5D1D5E4E28009051D9 /* Frameworks */,
				1B0CFB5E1D5E4E28009051D9 /* Resources */,
				E144EE55C18D33240C9B2029 /* [CP] Embed Pods Frameworks */,
				B37FD49574990634A42EA8B3 /* [CP] Copy Pods Resources */,
			);
			buildRules = (
			);
			dependencies = (
			);
			name = WYNews;
			productName = WYNews;
			productReference = 1B0CFB601D5E4E28009051D9 /* WYNews.app */;
			productType = "com.apple.product-type.application";
		};
/* End PBXNativeTarget section */

/* Begin PBXProject section */
		1B0CFB581D5E4E28009051D9 /* Project object */ = {
			isa = PBXProject;
			attributes = {
				CLASSPREFIX = WY;
				LastUpgradeCheck = 0730;
				ORGANIZATIONNAME = "王姚";
				TargetAttributes = {
					1B0CFB5F1D5E4E28009051D9 = {
						CreatedOnToolsVersion = 7.3.1;
						DevelopmentTeam = 5XDM3B559Y;
					};
				};
			};
			buildConfigurationList = 1B0CFB5B1D5E4E28009051D9 /* Build configuration list for PBXProject "WYNews" */;
			compatibilityVersion = "Xcode 3.2";
			developmentRegion = English;
			hasScannedForEncodings = 0;
			knownRegions = (
				en,
				Base,
			);
			mainGroup = 1B0CFB571D5E4E28009051D9;
			productRefGroup = 1B0CFB611D5E4E28009051D9 /* Products */;
			projectDirPath = "";
			projectRoot = "";
			targets = (
				1B0CFB5F1D5E4E28009051D9 /* WYNews */,
			);
		};
/* End PBXProject section */

/* Begin PBXResourcesBuildPhase section */
		1B0CFB5E1D5E4E28009051D9 /* Resources */ = {
			isa = PBXResourcesBuildPhase;
			buildActionMask = 2147483647;
			files = (
				1B0CFB731D5E4E28009051D9 /* LaunchScreen.storyboard in Resources */,
				1B0CFB701D5E4E28009051D9 /* Assets.xcassets in Resources */,
			);
			runOnlyForDeploymentPostprocessing = 0;
		};
/* End PBXResourcesBuildPhase section */

/* Begin PBXShellScriptBuildPhase section */
		43AABD829EAF770B5A76FF73 /* [CP] Check Pods Manifest.lock */ = {
			isa = PBXShellScriptBuildPhase;
			buildActionMask = 2147483647;
			files = (
			);
			inputPaths = (
			);
			name = "[CP] Check Pods Manifest.lock";
			outputPaths = (
			);
			runOnlyForDeploymentPostprocessing = 0;
			shellPath = /bin/sh;
			shellScript = "diff \"${PODS_ROOT}/../Podfile.lock\" \"${PODS_ROOT}/Manifest.lock\" > /dev/null\nif [[ $? != 0 ]] ; then\n    cat << EOM\nerror: The sandbox is not in sync with the Podfile.lock. Run 'pod install' or update your CocoaPods installation.\nEOM\n    exit 1\nfi\n";
			showEnvVarsInLog = 0;
		};
		B37FD49574990634A42EA8B3 /* [CP] Copy Pods Resources */ = {
			isa = PBXShellScriptBuildPhase;
			buildActionMask = 2147483647;
			files = (
			);
			inputPaths = (
			);
			name = "[CP] Copy Pods Resources";
			outputPaths = (
			);
			runOnlyForDeploymentPostprocessing = 0;
			shellPath = /bin/sh;
			shellScript = "\"${SRCROOT}/Pods/Target Support Files/Pods-WYNews/Pods-WYNews-resources.sh\"\n";
			showEnvVarsInLog = 0;
		};
		E144EE55C18D33240C9B2029 /* [CP] Embed Pods Frameworks */ = {
			isa = PBXShellScriptBuildPhase;
			buildActionMask = 2147483647;
			files = (
			);
			inputPaths = (
			);
			name = "[CP] Embed Pods Frameworks";
			outputPaths = (
			);
			runOnlyForDeploymentPostprocessing = 0;
			shellPath = /bin/sh;
			shellScript = "\"${SRCROOT}/Pods/Target Support Files/Pods-WYNews/Pods-WYNews-frameworks.sh\"\n";
			showEnvVarsInLog = 0;
		};
/* End PBXShellScriptBuildPhase section */

/* Begin PBXSourcesBuildPhase section */
		1B0CFB5C1D5E4E28009051D9 /* Sources */ = {
			isa = PBXSourcesBuildPhase;
			buildActionMask = 2147483647;
			files = (
				1BB858FF1D5EC5250072454A /* NSArray+Log.m in Sources */,
				1BB859041D5EC5250072454A /* NSString+CZPath.m in Sources */,
				1BB859031D5EC5250072454A /* NSString+CZHash.m in Sources */,
				1BB858E11D5EC4E70072454A /* WYMainViewController.m in Sources */,
				1BB859081D5EC5250072454A /* UIScreen+CZAddition.m in Sources */,
				1BB859071D5EC5250072454A /* UILabel+CZAddition.m in Sources */,
				1BB859051D5EC5250072454A /* UIButton+CZAddition.m in Sources */,
				1BB859011D5EC5250072454A /* NSObject+CZRuntime.m in Sources */,
				1BB859021D5EC5250072454A /* NSString+CZBase64.m in Sources */,
				1BB8590A1D5EC5250072454A /* UIViewController+CZAddition.m in Sources */,
				1BB859091D5EC5250072454A /* UIView+CZAddition.m in Sources */,
				1BB859001D5EC5250072454A /* NSAttributedString+CZAdditon.m in Sources */,
				1BB859061D5EC5250072454A /* UIColor+CZAddition.m in Sources */,
				1BB858E41D5EC4F40072454A /* WYHomeViewController.m in Sources */,
				1B0CFB681D5E4E28009051D9 /* AppDelegate.m in Sources */,
				1B0CFB651D5E4E28009051D9 /* main.m in Sources */,
			);
			runOnlyForDeploymentPostprocessing = 0;
		};
/* End PBXSourcesBuildPhase section */

/* Begin PBXVariantGroup section */
		1B0CFB711D5E4E28009051D9 /* LaunchScreen.storyboard */ = {
			isa = PBXVariantGroup;
			children = (
				1B0CFB721D5E4E28009051D9 /* Base */,
			);
			name = LaunchScreen.storyboard;
			sourceTree = "<group>";
		};
/* End PBXVariantGroup section */

/* Begin XCBuildConfiguration section */
		1B0CFB751D5E4E28009051D9 /* Debug */ = {
			isa = XCBuildConfiguration;
			buildSettings = {
				ALWAYS_SEARCH_USER_PATHS = NO;
				CLANG_ANALYZER_NONNULL = YES;
				CLANG_CXX_LANGUAGE_STANDARD = "gnu++0x";
				CLANG_CXX_LIBRARY = "libc++";
				CLANG_ENABLE_MODULES = YES;
				CLANG_ENABLE_OBJC_ARC = YES;
				CLANG_WARN_BOOL_CONVERSION = YES;
				CLANG_WARN_CONSTANT_CONVERSION = YES;
				CLANG_WARN_DIRECT_OBJC_ISA_USAGE = YES_ERROR;
				CLANG_WARN_EMPTY_BODY = YES;
				CLANG_WARN_ENUM_CONVERSION = YES;
				CLANG_WARN_INT_CONVERSION = YES;
				CLANG_WARN_OBJC_ROOT_CLASS = YES_ERROR;
				CLANG_WARN_UNREACHABLE_CODE = YES;
				CLANG_WARN__DUPLICATE_METHOD_MATCH = YES;
				"CODE_SIGN_IDENTITY[sdk=iphoneos*]" = "iPhone Developer";
				COPY_PHASE_STRIP = NO;
				DEBUG_INFORMATION_FORMAT = dwarf;
				ENABLE_STRICT_OBJC_MSGSEND = YES;
				ENABLE_TESTABILITY = YES;
				GCC_C_LANGUAGE_STANDARD = gnu99;
				GCC_DYNAMIC_NO_PIC = NO;
				GCC_NO_COMMON_BLOCKS = YES;
				GCC_OPTIMIZATION_LEVEL = 0;
				GCC_PREPROCESSOR_DEFINITIONS = (
					"DEBUG=1",
					"$(inherited)",
				);
				GCC_WARN_64_TO_32_BIT_CONVERSION = YES;
				GCC_WARN_ABOUT_RETURN_TYPE = YES_ERROR;
				GCC_WARN_UNDECLARED_SELECTOR = YES;
				GCC_WARN_UNINITIALIZED_AUTOS = YES_AGGRESSIVE;
				GCC_WARN_UNUSED_FUNCTION = YES;
				GCC_WARN_UNUSED_VARIABLE = YES;
				IPHONEOS_DEPLOYMENT_TARGET = 9.3;
				MTL_ENABLE_DEBUG_INFO = YES;
				ONLY_ACTIVE_ARCH = YES;
				SDKROOT = iphoneos;
			};
			name = Debug;
		};
		1B0CFB761D5E4E28009051D9 /* Release */ = {
			isa = XCBuildConfiguration;
			buildSettings = {
				ALWAYS_SEARCH_USER_PATHS = NO;
				CLANG_ANALYZER_NONNULL = YES;
				CLANG_CXX_LANGUAGE_STANDARD = "gnu++0x";
				CLANG_CXX_LIBRARY = "libc++";
				CLANG_ENABLE_MODULES = YES;
				CLANG_ENABLE_OBJC_ARC = YES;
				CLANG_WARN_BOOL_CONVERSION = YES;
				CLANG_WARN_CONSTANT_CONVERSION = YES;
				CLANG_WARN_DIRECT_OBJC_ISA_USAGE = YES_ERROR;
				CLANG_WARN_EMPTY_BODY = YES;
				CLANG_WARN_ENUM_CONVERSION = YES;
				CLANG_WARN_INT_CONVERSION = YES;
				CLANG_WARN_OBJC_ROOT_CLASS = YES_ERROR;
				CLANG_WARN_UNREACHABLE_CODE = YES;
				CLANG_WARN__DUPLICATE_METHOD_MATCH = YES;
				"CODE_SIGN_IDENTITY[sdk=iphoneos*]" = "iPhone Developer";
				COPY_PHASE_STRIP = NO;
				DEBUG_INFORMATION_FORMAT = "dwarf-with-dsym";
				ENABLE_NS_ASSERTIONS = NO;
				ENABLE_STRICT_OBJC_MSGSEND = YES;
				GCC_C_LANGUAGE_STANDARD = gnu99;
				GCC_NO_COMMON_BLOCKS = YES;
				GCC_WARN_64_TO_32_BIT_CONVERSION = YES;
				GCC_WARN_ABOUT_RETURN_TYPE = YES_ERROR;
				GCC_WARN_UNDECLARED_SELECTOR = YES;
				GCC_WARN_UNINITIALIZED_AUTOS = YES_AGGRESSIVE;
				GCC_WARN_UNUSED_FUNCTION = YES;
				GCC_WARN_UNUSED_VARIABLE = YES;
				IPHONEOS_DEPLOYMENT_TARGET = 9.3;
				MTL_ENABLE_DEBUG_INFO = NO;
				SDKROOT = iphoneos;
				VALIDATE_PRODUCT = YES;
			};
			name = Release;
		};
		1B0CFB781D5E4E28009051D9 /* Debug */ = {
			isa = XCBuildConfiguration;
			baseConfigurationReference = 52C67BF81103CAB6299AA239 /* Pods-WYNews.debug.xcconfig */;
			buildSettings = {
				ASSETCATALOG_COMPILER_APPICON_NAME = AppIcon;
				INFOPLIST_FILE = WYNews/Info.plist;
				IPHONEOS_DEPLOYMENT_TARGET = 8.0;
				LD_RUNPATH_SEARCH_PATHS = "$(inherited) @executable_path/Frameworks";
				PRODUCT_BUNDLE_IDENTIFIER = yao.cn.WYNews;
				PRODUCT_NAME = "$(TARGET_NAME)";
			};
			name = Debug;
		};
		1B0CFB791D5E4E28009051D9 /* Release */ = {
			isa = XCBuildConfiguration;
			baseConfigurationReference = F300DB45C75884FAE4E0AD54 /* Pods-WYNews.release.xcconfig */;
			buildSettings = {
				ASSETCATALOG_COMPILER_APPICON_NAME = AppIcon;
				INFOPLIST_FILE = WYNews/Info.plist;
				IPHONEOS_DEPLOYMENT_TARGET = 8.0;
				LD_RUNPATH_SEARCH_PATHS = "$(inherited) @executable_path/Frameworks";
				PRODUCT_BUNDLE_IDENTIFIER = yao.cn.WYNews;
				PRODUCT_NAME = "$(TARGET_NAME)";
			};
			name = Release;
		};
/* End XCBuildConfiguration section */

/* Begin XCConfigurationList section */
		1B0CFB5B1D5E4E28009051D9 /* Build configuration list for PBXProject "WYNews" */ = {
			isa = XCConfigurationList;
			buildConfigurations = (
				1B0CFB751D5E4E28009051D9 /* Debug */,
				1B0CFB761D5E4E28009051D9 /* Release */,
			);
			defaultConfigurationIsVisible = 0;
			defaultConfigurationName = Release;
		};
		1B0CFB771D5E4E28009051D9 /* Build configuration list for PBXNativeTarget "WYNews" */ = {
			isa = XCConfigurationList;
			buildConfigurations = (
				1B0CFB781D5E4E28009051D9 /* Debug */,
				1B0CFB791D5E4E28009051D9 /* Release */,
			);
			defaultConfigurationIsVisible = 0;
			defaultConfigurationName = Release;
		};
/* End XCConfigurationList section */
	};
	rootObject = 1B0CFB581D5E4E28009051D9 /* Project object */;
}
